
Microsoft Visual Studio Solution File, Format Version 12.00
# Visual Studio Version 17
VisualStudioVersion = 17.9.34728.123
MinimumVisualStudioVersion = 10.0.40219.1
Project("{FAE04EC0-301F-11D3-BF4B-00C04F79EFBC}") = "HoardHelper.Api", "HoardHelper.Api\HoardHelper.Api.csproj", "{FEDBD234-4A20-4A7F-8F04-0F7DBA4CBFEA}"
EndProject
Global
	GlobalSection(SolutionConfigurationPlatforms) = preSolution
		Debug|Any CPU = Debug|Any CPU
		Release|Any CPU = Release|Any CPU
	EndGlobalSection
	GlobalSection(ProjectConfigurationPlatforms) = postSolution
		{FEDBD234-4A20-4A7F-8F04-0F7DBA4CBFEA}.Debug|Any CPU.ActiveCfg = Debug|Any CPU
		{FEDBD234-4A20-4A7F-8F04-0F7DBA4CBFEA}.Debug|Any CPU.Build.0 = Debug|Any CPU
		{FEDBD234-4A20-4A7F-8F04-0F7DBA4CBFEA}.Release|Any CPU.ActiveCfg = Release|Any CPU
		{FEDBD234-4A20-4A7F-8F04-0F7DBA4CBFEA}.Release|Any CPU.Build.0 = Release|Any CPU
	EndGlobalSection
	GlobalSection(SolutionProperties) = preSolution
		HideSolutionNode = FALSE
	EndGlobalSection
	GlobalSection(ExtensibilityGlobals) = postSolution
		SolutionGuid = {EC6E2051-C6C5-428A-BAF8-CF6A095D2B24}
	EndGlobalSection
EndGlobal
